schema: '2.0'
stages:
  model_train:
    cmd: python src/models/train_model.py
    deps:
    - path: data/external/classification-of-plants-of-southeast-asia/bali-26_train/bali-26_train
      md5: 449659f0f8483b6534133226b6436d25.dir
      size: 2102349333
      nfiles: 23747
    - path: src/models/train_model.py
      md5: 38e25f78aa81bdd3853be34ab964f26e
      size: 4873
    params:
      params.yaml:
        mobileNet.epochs: 1
  log_production_model:
    cmd: python src/models/production_model_selection.py
    deps:
    - path: src/models/production_model_selection.py
      md5: 1281f80ab6c5632e7932aab7ef6e8fe5
      size: 2195
    params:
      params.yaml:
        mobileNet.epochs: 1
    outs:
    - path: src/models/model.pth
      md5: 109395c16b5c64ddb804c5ba0b12b580
      size: 9294669
