schema: '2.0'
stages:
  model_train:
    cmd: python src/models/train_model.py
    deps:
    - path: data/external/classification-of-plants-of-southeast-asia/bali-26_train/bali-26_train
      md5: 449659f0f8483b6534133226b6436d25.dir
      size: 2102349333
      nfiles: 23747
    - path: src/models/train_model.py
      md5: 91d6915cdc40e922714fd83322598fc1
      size: 4749
    params:
      params.yaml:
        mobileNet.epochs: 1
  log_production_model:
    cmd: python src/models/production_model_selection.py
    deps:
    - path: src/models/production_model_selection.py
      md5: 0a212ea64e349f9cea3212815ebf863e
      size: 2187
    params:
      params.yaml:
        mobileNet.epochs: 1
    outs:
    - path: src/models/model.pth
      md5: 4f2931a82b66ff50f62558aaae2cab51
      size: 9294669
